// !$*UTF8*$!
{
	archiveVersion = 1;
	classes = {
	};
	objectVersion = 50;
	objects = {

/* Begin PBXBuildFile section */
		2910CE8321A1CC67002D55AC /* AppDelegate.swift in Sources */ = {isa = PBXBuildFile; fileRef = 2910CE8221A1CC67002D55AC /* AppDelegate.swift */; };
		2910CE8521A1CC67002D55AC /* ViewController.swift in Sources */ = {isa = PBXBuildFile; fileRef = 2910CE8421A1CC67002D55AC /* ViewController.swift */; };
		2910CE9521A1CD15002D55AC /* UIKitHelp.framework in Frameworks */ = {isa = PBXBuildFile; fileRef = 2910CE9421A1CD15002D55AC /* UIKitHelp.framework */; };
		2910CE9621A1CD15002D55AC /* UIKitHelp.framework in Embed Frameworks */ = {isa = PBXBuildFile; fileRef = 2910CE9421A1CD15002D55AC /* UIKitHelp.framework */; settings = {ATTRIBUTES = (CodeSignOnCopy, RemoveHeadersOnCopy, ); }; };
		2955F17D21A9F34C00D1729E /* Utilities.swift in Sources */ = {isa = PBXBuildFile; fileRef = 2955F17C21A9F34C00D1729E /* Utilities.swift */; };
		2955F18121AA011B00D1729E /* LineRenderingView.swift in Sources */ = {isa = PBXBuildFile; fileRef = 2955F18021AA011B00D1729E /* LineRenderingView.swift */; };
		2962BA4F21C5B6F300679055 /* Store.swift in Sources */ = {isa = PBXBuildFile; fileRef = 2962BA4E21C5B6F300679055 /* Store.swift */; };
		2962BA5121C6B71100679055 /* NodeKit.framework in Frameworks */ = {isa = PBXBuildFile; fileRef = 2962BA5021C6B71100679055 /* NodeKit.framework */; };
		296DF6BF21B8B9E600CCB845 /* ManagedMapView.swift in Sources */ = {isa = PBXBuildFile; fileRef = 296DF6BE21B8B9E600CCB845 /* ManagedMapView.swift */; };
		29F13A9021A3BA7F00C4C586 /* ControlsVC.swift in Sources */ = {isa = PBXBuildFile; fileRef = 29F13A8F21A3BA7F00C4C586 /* ControlsVC.swift */; };
		9DA0E1E53D3D72250754BB13 /* Pods_PathDraw.framework in Frameworks */ = {isa = PBXBuildFile; fileRef = B09CAE9ECFC346C55E00E698 /* Pods_PathDraw.framework */; };
/* End PBXBuildFile section */

/* Begin PBXCopyFilesBuildPhase section */
		2910CE9721A1CD15002D55AC /* Embed Frameworks */ = {
			isa = PBXCopyFilesBuildPhase;
			buildActionMask = 2147483647;
			dstPath = "";
			dstSubfolderSpec = 10;
			files = (
				2910CE9621A1CD15002D55AC /* UIKitHelp.framework in Embed Frameworks */,
			);
			name = "Embed Frameworks";
			runOnlyForDeploymentPostprocessing = 0;
		};
/* End PBXCopyFilesBuildPhase section */

/* Begin PBXFileReference section */
		2910CE7F21A1CC67002D55AC /* PathDraw.app */ = {isa = PBXFileReference; explicitFileType = wrapper.application; includeInIndex = 0; path = PathDraw.app; sourceTree = BUILT_PRODUCTS_DIR; };
		2910CE8221A1CC67002D55AC /* AppDelegate.swift */ = {isa = PBXFileReference; lastKnownFileType = sourcecode.swift; path = AppDelegate.swift; sourceTree = "<group>"; };
		2910CE8421A1CC67002D55AC /* ViewController.swift */ = {isa = PBXFileReference; lastKnownFileType = sourcecode.swift; path = ViewController.swift; sourceTree = "<group>"; };
		2910CE8E21A1CC69002D55AC /* Info.plist */ = {isa = PBXFileReference; lastKnownFileType = text.plist.xml; path = Info.plist; sourceTree = "<group>"; };
		2910CE9421A1CD15002D55AC /* UIKitHelp.framework */ = {isa = PBXFileReference; explicitFileType = wrapper.framework; path = UIKitHelp.framework; sourceTree = BUILT_PRODUCTS_DIR; };
		2955F17C21A9F34C00D1729E /* Utilities.swift */ = {isa = PBXFileReference; lastKnownFileType = sourcecode.swift; path = Utilities.swift; sourceTree = "<group>"; };
		2955F18021AA011B00D1729E /* LineRenderingView.swift */ = {isa = PBXFileReference; lastKnownFileType = sourcecode.swift; path = LineRenderingView.swift; sourceTree = "<group>"; };
		2962BA4E21C5B6F300679055 /* Store.swift */ = {isa = PBXFileReference; lastKnownFileType = sourcecode.swift; path = Store.swift; sourceTree = "<group>"; };
		2962BA5021C6B71100679055 /* NodeKit.framework */ = {isa = PBXFileReference; explicitFileType = wrapper.framework; path = NodeKit.framework; sourceTree = BUILT_PRODUCTS_DIR; };
		296DF6BE21B8B9E600CCB845 /* ManagedMapView.swift */ = {isa = PBXFileReference; lastKnownFileType = sourcecode.swift; path = ManagedMapView.swift; sourceTree = "<group>"; };
		29F13A8F21A3BA7F00C4C586 /* ControlsVC.swift */ = {isa = PBXFileReference; lastKnownFileType = sourcecode.swift; path = ControlsVC.swift; sourceTree = "<group>"; };
		88AA94397857F0E56FAB7968 /* Pods-PathDraw.release.xcconfig */ = {isa = PBXFileReference; includeInIndex = 1; lastKnownFileType = text.xcconfig; name = "Pods-PathDraw.release.xcconfig"; path = "Pods/Target Support Files/Pods-PathDraw/Pods-PathDraw.release.xcconfig"; sourceTree = "<group>"; };
		B09CAE9ECFC346C55E00E698 /* Pods_PathDraw.framework */ = {isa = PBXFileReference; explicitFileType = wrapper.framework; includeInIndex = 0; path = Pods_PathDraw.framework; sourceTree = BUILT_PRODUCTS_DIR; };
		B98ACFF1CC00712B765360AD /* Pods-PathDraw.debug.xcconfig */ = {isa = PBXFileReference; includeInIndex = 1; lastKnownFileType = text.xcconfig; name = "Pods-PathDraw.debug.xcconfig"; path = "Pods/Target Support Files/Pods-PathDraw/Pods-PathDraw.debug.xcconfig"; sourceTree = "<group>"; };
/* End PBXFileReference section */

/* Begin PBXFrameworksBuildPhase section */
		2910CE7C21A1CC67002D55AC /* Frameworks */ = {
			isa = PBXFrameworksBuildPhase;
			buildActionMask = 2147483647;
			files = (
				2962BA5121C6B71100679055 /* NodeKit.framework in Frameworks */,
				2910CE9521A1CD15002D55AC /* UIKitHelp.framework in Frameworks */,
				9DA0E1E53D3D72250754BB13 /* Pods_PathDraw.framework in Frameworks */,
			);
			runOnlyForDeploymentPostprocessing = 0;
		};
/* End PBXFrameworksBuildPhase section */

/* Begin PBXGroup section */
		2910CE7621A1CC67002D55AC = {
			isa = PBXGroup;
			children = (
				2910CE9421A1CD15002D55AC /* UIKitHelp.framework */,
				2910CE8121A1CC67002D55AC /* PathDraw */,
				2910CE8021A1CC67002D55AC /* Products */,
				9BFD620D42F01F8D300CC6CE /* Pods */,
				56107E331422E4A27925E6DB /* Frameworks */,
			);
			sourceTree = "<group>";
		};
		2910CE8021A1CC67002D55AC /* Products */ = {
			isa = PBXGroup;
			children = (
				2910CE7F21A1CC67002D55AC /* PathDraw.app */,
			);
			name = Products;
			sourceTree = "<group>";
		};
		2910CE8121A1CC67002D55AC /* PathDraw */ = {
			isa = PBXGroup;
			children = (
				2910CE8221A1CC67002D55AC /* AppDelegate.swift */,
				2910CE8421A1CC67002D55AC /* ViewController.swift */,
				2962BA4E21C5B6F300679055 /* Store.swift */,
				29F13A8F21A3BA7F00C4C586 /* ControlsVC.swift */,
				2910CE8E21A1CC69002D55AC /* Info.plist */,
				2955F17C21A9F34C00D1729E /* Utilities.swift */,
				2955F18021AA011B00D1729E /* LineRenderingView.swift */,
				296DF6BE21B8B9E600CCB845 /* ManagedMapView.swift */,
			);
			path = PathDraw;
			sourceTree = "<group>";
		};
		56107E331422E4A27925E6DB /* Frameworks */ = {
			isa = PBXGroup;
			children = (
				2962BA5021C6B71100679055 /* NodeKit.framework */,
				B09CAE9ECFC346C55E00E698 /* Pods_PathDraw.framework */,
			);
			name = Frameworks;
			sourceTree = "<group>";
		};
		9BFD620D42F01F8D300CC6CE /* Pods */ = {
			isa = PBXGroup;
			children = (
				B98ACFF1CC00712B765360AD /* Pods-PathDraw.debug.xcconfig */,
				88AA94397857F0E56FAB7968 /* Pods-PathDraw.release.xcconfig */,
			);
			name = Pods;
			sourceTree = "<group>";
		};
/* End PBXGroup section */

/* Begin PBXNativeTarget section */
		2910CE7E21A1CC67002D55AC /* PathDraw */ = {
			isa = PBXNativeTarget;
			buildConfigurationList = 2910CE9121A1CC69002D55AC /* Build configuration list for PBXNativeTarget "PathDraw" */;
			buildPhases = (
				551C64B76361256638546D03 /* [CP] Check Pods Manifest.lock */,
				2910CE7B21A1CC67002D55AC /* Sources */,
				2910CE7C21A1CC67002D55AC /* Frameworks */,
				2910CE7D21A1CC67002D55AC /* Resources */,
				2910CE9721A1CD15002D55AC /* Embed Frameworks */,
				102B8BEDA122B90D3B2D0218 /* [CP] Embed Pods Frameworks */,
				31537B8FCB3777A1C28535C1 /* [CP] Copy Pods Resources */,
			);
			buildRules = (
			);
			dependencies = (
			);
			name = PathDraw;
			productName = PathDraw;
			productReference = 2910CE7F21A1CC67002D55AC /* PathDraw.app */;
			productType = "com.apple.product-type.application";
		};
/* End PBXNativeTarget section */

/* Begin PBXProject section */
		2910CE7721A1CC67002D55AC /* Project object */ = {
			isa = PBXProject;
			attributes = {
				LastSwiftUpdateCheck = 1010;
				LastUpgradeCheck = 1010;
				ORGANIZATIONNAME = "Alexander Bollbach";
				TargetAttributes = {
					2910CE7E21A1CC67002D55AC = {
						CreatedOnToolsVersion = 10.1;
					};
				};
			};
			buildConfigurationList = 2910CE7A21A1CC67002D55AC /* Build configuration list for PBXProject "PathDraw" */;
			compatibilityVersion = "Xcode 9.3";
			developmentRegion = en;
			hasScannedForEncodings = 0;
			knownRegions = (
				en,
				Base,
			);
			mainGroup = 2910CE7621A1CC67002D55AC;
			productRefGroup = 2910CE8021A1CC67002D55AC /* Products */;
			projectDirPath = "";
			projectRoot = "";
			targets = (
				2910CE7E21A1CC67002D55AC /* PathDraw */,
			);
		};
/* End PBXProject section */

/* Begin PBXResourcesBuildPhase section */
		2910CE7D21A1CC67002D55AC /* Resources */ = {
			isa = PBXResourcesBuildPhase;
			buildActionMask = 2147483647;
			files = (
			);
			runOnlyForDeploymentPostprocessing = 0;
		};
/* End PBXResourcesBuildPhase section */

/* Begin PBXShellScriptBuildPhase section */
		102B8BEDA122B90D3B2D0218 /* [CP] Embed Pods Frameworks */ = {
			isa = PBXShellScriptBuildPhase;
			buildActionMask = 2147483647;
			files = (
			);
			inputPaths = (
				"${SRCROOT}/Pods/Target Support Files/Pods-PathDraw/Pods-PathDraw-frameworks.sh",
				"${BUILT_PRODUCTS_DIR}/ReSwift/ReSwift.framework",
				"${BUILT_PRODUCTS_DIR}/RxAtomic/RxAtomic.framework",
				"${BUILT_PRODUCTS_DIR}/RxCocoa/RxCocoa.framework",
				"${BUILT_PRODUCTS_DIR}/RxFeedback/RxFeedback.framework",
				"${BUILT_PRODUCTS_DIR}/RxSwift/RxSwift.framework",
				"${BUILT_PRODUCTS_DIR}/RxSwiftExt/RxSwiftExt.framework",
			);
			name = "[CP] Embed Pods Frameworks";
			outputPaths = (
				"${TARGET_BUILD_DIR}/${FRAMEWORKS_FOLDER_PATH}/ReSwift.framework",
				"${TARGET_BUILD_DIR}/${FRAMEWORKS_FOLDER_PATH}/RxAtomic.framework",
				"${TARGET_BUILD_DIR}/${FRAMEWORKS_FOLDER_PATH}/RxCocoa.framework",
				"${TARGET_BUILD_DIR}/${FRAMEWORKS_FOLDER_PATH}/RxFeedback.framework",
				"${TARGET_BUILD_DIR}/${FRAMEWORKS_FOLDER_PATH}/RxSwift.framework",
				"${TARGET_BUILD_DIR}/${FRAMEWORKS_FOLDER_PATH}/RxSwiftExt.framework",
			);
			runOnlyForDeploymentPostprocessing = 0;
			shellPath = /bin/sh;
			shellScript = "\"${SRCROOT}/Pods/Target Support Files/Pods-PathDraw/Pods-PathDraw-frameworks.sh\"\n";
			showEnvVarsInLog = 0;
		};
		31537B8FCB3777A1C28535C1 /* [CP] Copy Pods Resources */ = {
			isa = PBXShellScriptBuildPhase;
			buildActionMask = 2147483647;
			files = (
			);
			inputPaths = (
			);
			name = "[CP] Copy Pods Resources";
			outputPaths = (
			);
			runOnlyForDeploymentPostprocessing = 0;
			shellPath = /bin/sh;
			shellScript = "\"${SRCROOT}/Pods/Target Support Files/Pods-PathDraw/Pods-PathDraw-resources.sh\"\n";
			showEnvVarsInLog = 0;
		};
		551C64B76361256638546D03 /* [CP] Check Pods Manifest.lock */ = {
			isa = PBXShellScriptBuildPhase;
			buildActionMask = 2147483647;
			files = (
			);
			inputPaths = (
				"${PODS_PODFILE_DIR_PATH}/Podfile.lock",
				"${PODS_ROOT}/Manifest.lock",
			);
			name = "[CP] Check Pods Manifest.lock";
			outputPaths = (
				"$(DERIVED_FILE_DIR)/Pods-PathDraw-checkManifestLockResult.txt",
			);
			runOnlyForDeploymentPostprocessing = 0;
			shellPath = /bin/sh;
			shellScript = "diff \"${PODS_PODFILE_DIR_PATH}/Podfile.lock\" \"${PODS_ROOT}/Manifest.lock\" > /dev/null\nif [ $? != 0 ] ; then\n    # print error to STDERR\n    echo \"error: The sandbox is not in sync with the Podfile.lock. Run 'pod install' or update your CocoaPods installation.\" >&2\n    exit 1\nfi\n# This output is used by Xcode 'outputs' to avoid re-running this script phase.\necho \"SUCCESS\" > \"${SCRIPT_OUTPUT_FILE_0}\"\n";
			showEnvVarsInLog = 0;
		};
/* End PBXShellScriptBuildPhase section */

/* Begin PBXSourcesBuildPhase section */
		2910CE7B21A1CC67002D55AC /* Sources */ = {
			isa = PBXSourcesBuildPhase;
			buildActionMask = 2147483647;
			files = (
				29F13A9021A3BA7F00C4C586 /* ControlsVC.swift in Sources */,
				2955F18121AA011B00D1729E /* LineRenderingView.swift in Sources */,
				2910CE8521A1CC67002D55AC /* ViewController.swift in Sources */,
				2955F17D21A9F34C00D1729E /* Utilities.swift in Sources */,
				2910CE8321A1CC67002D55AC /* AppDelegate.swift in Sources */,
				2962BA4F21C5B6F300679055 /* Store.swift in Sources */,
				296DF6BF21B8B9E600CCB845 /* ManagedMapView.swift in Sources */,
			);
			runOnlyForDeploymentPostprocessing = 0;
		};
/* End PBXSourcesBuildPhase section */

/* Begin XCBuildConfiguration section */
		2910CE8F21A1CC69002D55AC /* Debug */ = {
			isa = XCBuildConfiguration;
			buildSettings = {
				ALWAYS_SEARCH_USER_PATHS = NO;
				CLANG_ANALYZER_NONNULL = YES;
				CLANG_ANALYZER_NUMBER_OBJECT_CONVERSION = YES_AGGRESSIVE;
				CLANG_CXX_LANGUAGE_STANDARD = "gnu++14";
				CLANG_CXX_LIBRARY = "libc++";
				CLANG_ENABLE_MODULES = YES;
				CLANG_ENABLE_OBJC_ARC = YES;
				CLANG_ENABLE_OBJC_WEAK = YES;
				CLANG_WARN_BLOCK_CAPTURE_AUTORELEASING = YES;
				CLANG_WARN_BOOL_CONVERSION = YES;
				CLANG_WARN_COMMA = YES;
				CLANG_WARN_CONSTANT_CONVERSION = YES;
				CLANG_WARN_DEPRECATED_OBJC_IMPLEMENTATIONS = YES;
				CLANG_WARN_DIRECT_OBJC_ISA_USAGE = YES_ERROR;
				CLANG_WARN_DOCUMENTATION_COMMENTS = YES;
				CLANG_WARN_EMPTY_BODY = YES;
				CLANG_WARN_ENUM_CONVERSION = YES;
				CLANG_WARN_INFINITE_RECURSION = YES;
				CLANG_WARN_INT_CONVERSION = YES;
				CLANG_WARN_NON_LITERAL_NULL_CONVERSION = YES;
				CLANG_WARN_OBJC_IMPLICIT_RETAIN_SELF = YES;
				CLANG_WARN_OBJC_LITERAL_CONVERSION = YES;
				CLANG_WARN_OBJC_ROOT_CLASS = YES_ERROR;
				CLANG_WARN_RANGE_LOOP_ANALYSIS = YES;
				CLANG_WARN_STRICT_PROTOTYPES = YES;
				CLANG_WARN_SUSPICIOUS_MOVE = YES;
				CLANG_WARN_UNGUARDED_AVAILABILITY = YES_AGGRESSIVE;
				CLANG_WARN_UNREACHABLE_CODE = YES;
				CLANG_WARN__DUPLICATE_METHOD_MATCH = YES;
				CODE_SIGN_IDENTITY = "iPhone Developer";
				COPY_PHASE_STRIP = NO;
				DEBUG_INFORMATION_FORMAT = dwarf;
				ENABLE_STRICT_OBJC_MSGSEND = YES;
				ENABLE_TESTABILITY = YES;
				GCC_C_LANGUAGE_STANDARD = gnu11;
				GCC_DYNAMIC_NO_PIC = NO;
				GCC_NO_COMMON_BLOCKS = YES;
				GCC_OPTIMIZATION_LEVEL = 0;
				GCC_PREPROCESSOR_DEFINITIONS = (
					"DEBUG=1",
					"$(inherited)",
				);
				GCC_WARN_64_TO_32_BIT_CONVERSION = YES;
				GCC_WARN_ABOUT_RETURN_TYPE = YES_ERROR;
				GCC_WARN_UNDECLARED_SELECTOR = YES;
				GCC_WARN_UNINITIALIZED_AUTOS = YES_AGGRESSIVE;
				GCC_WARN_UNUSED_FUNCTION = YES;
				GCC_WARN_UNUSED_VARIABLE = YES;
				IPHONEOS_DEPLOYMENT_TARGET = 12.1;
				MTL_ENABLE_DEBUG_INFO = INCLUDE_SOURCE;
				MTL_FAST_MATH = YES;
				ONLY_ACTIVE_ARCH = YES;
				SDKROOT = iphoneos;
				SWIFT_ACTIVE_COMPILATION_CONDITIONS = DEBUG;
				SWIFT_OPTIMIZATION_LEVEL = "-Onone";
			};
			name = Debug;
		};
		2910CE9021A1CC69002D55AC /* Release */ = {
			isa = XCBuildConfiguration;
			buildSettings = {
				ALWAYS_SEARCH_USER_PATHS = NO;
				CLANG_ANALYZER_NONNULL = YES;
				CLANG_ANALYZER_NUMBER_OBJECT_CONVERSION = YES_AGGRESSIVE;
				CLANG_CXX_LANGUAGE_STANDARD = "gnu++14";
				CLANG_CXX_LIBRARY = "libc++";
				CLANG_ENABLE_MODULES = YES;
				CLANG_ENABLE_OBJC_ARC = YES;
				CLANG_ENABLE_OBJC_WEAK = YES;
				CLANG_WARN_BLOCK_CAPTURE_AUTORELEASING = YES;
				CLANG_WARN_BOOL_CONVERSION = YES;
				CLANG_WARN_COMMA = YES;
				CLANG_WARN_CONSTANT_CONVERSION = YES;
				CLANG_WARN_DEPRECATED_OBJC_IMPLEMENTATIONS = YES;
				CLANG_WARN_DIRECT_OBJC_ISA_USAGE = YES_ERROR;
				CLANG_WARN_DOCUMENTATION_COMMENTS = YES;
				CLANG_WARN_EMPTY_BODY = YES;
				CLANG_WARN_ENUM_CONVERSION = YES;
				CLANG_WARN_INFINITE_RECURSION = YES;
				CLANG_WARN_INT_CONVERSION = YES;
				CLANG_WARN_NON_LITERAL_NULL_CONVERSION = YES;
				CLANG_WARN_OBJC_IMPLICIT_RETAIN_SELF = YES;
				CLANG_WARN_OBJC_LITERAL_CONVERSION = YES;
				CLANG_WARN_OBJC_ROOT_CLASS = YES_ERROR;
				CLANG_WARN_RANGE_LOOP_ANALYSIS = YES;
				CLANG_WARN_STRICT_PROTOTYPES = YES;
				CLANG_WARN_SUSPICIOUS_MOVE = YES;
				CLANG_WARN_UNGUARDED_AVAILABILITY = YES_AGGRESSIVE;
				CLANG_WARN_UNREACHABLE_CODE = YES;
				CLANG_WARN__DUPLICATE_METHOD_MATCH = YES;
				CODE_SIGN_IDENTITY = "iPhone Developer";
				COPY_PHASE_STRIP = NO;
				DEBUG_INFORMATION_FORMAT = "dwarf-with-dsym";
				ENABLE_NS_ASSERTIONS = NO;
				ENABLE_STRICT_OBJC_MSGSEND = YES;
				GCC_C_LANGUAGE_STANDARD = gnu11;
				GCC_NO_COMMON_BLOCKS = YES;
				GCC_WARN_64_TO_32_BIT_CONVERSION = YES;
				GCC_WARN_ABOUT_RETURN_TYPE = YES_ERROR;
				GCC_WARN_UNDECLARED_SELECTOR = YES;
				GCC_WARN_UNINITIALIZED_AUTOS = YES_AGGRESSIVE;
				GCC_WARN_UNUSED_FUNCTION = YES;
				GCC_WARN_UNUSED_VARIABLE = YES;
				IPHONEOS_DEPLOYMENT_TARGET = 12.1;
				MTL_ENABLE_DEBUG_INFO = NO;
				MTL_FAST_MATH = YES;
				SDKROOT = iphoneos;
				SWIFT_COMPILATION_MODE = wholemodule;
				SWIFT_OPTIMIZATION_LEVEL = "-O";
				VALIDATE_PRODUCT = YES;
			};
			name = Release;
		};
		2910CE9221A1CC69002D55AC /* Debug */ = {
			isa = XCBuildConfiguration;
			baseConfigurationReference = B98ACFF1CC00712B765360AD /* Pods-PathDraw.debug.xcconfig */;
			buildSettings = {
				ASSETCATALOG_COMPILER_APPICON_NAME = AppIcon;
				CODE_SIGN_STYLE = Automatic;
				DEVELOPMENT_TEAM = 2A7A6XU69G;
				INFOPLIST_FILE = PathDraw/Info.plist;
				IPHONEOS_DEPLOYMENT_TARGET = 11.0;
				LD_RUNPATH_SEARCH_PATHS = (
					"$(inherited)",
					"@executable_path/Frameworks",
				);
				PRODUCT_BUNDLE_IDENTIFIER = com.alex.PathDraw;
				PRODUCT_NAME = "$(TARGET_NAME)";
				SWIFT_VERSION = 4.2;
				TARGETED_DEVICE_FAMILY = "1,2";
			};
			name = Debug;
		};
		2910CE9321A1CC69002D55AC /* Release */ = {
			isa = XCBuildConfiguration;
			baseConfigurationReference = 88AA94397857F0E56FAB7968 /* Pods-PathDraw.release.xcconfig */;
			buildSettings = {
				ASSETCATALOG_COMPILER_APPICON_NAME = AppIcon;
				CODE_SIGN_STYLE = Automatic;
				DEVELOPMENT_TEAM = 2A7A6XU69G;
				INFOPLIST_FILE = PathDraw/Info.plist;
				IPHONEOS_DEPLOYMENT_TARGET = 11.0;
				LD_RUNPATH_SEARCH_PATHS = (
					"$(inherited)",
					"@executable_path/Frameworks",
				);
				PRODUCT_BUNDLE_IDENTIFIER = com.alex.PathDraw;
				PRODUCT_NAME = "$(TARGET_NAME)";
				SWIFT_VERSION = 4.2;
				TARGETED_DEVICE_FAMILY = "1,2";
			};
			name = Release;
		};
/* End XCBuildConfiguration section */

/* Begin XCConfigurationList section */
		2910CE7A21A1CC67002D55AC /* Build configuration list for PBXProject "PathDraw" */ = {
			isa = XCConfigurationList;
			buildConfigurations = (
				2910CE8F21A1CC69002D55AC /* Debug */,
				2910CE9021A1CC69002D55AC /* Release */,
			);
			defaultConfigurationIsVisible = 0;
			defaultConfigurationName = Release;
		};
		2910CE9121A1CC69002D55AC /* Build configuration list for PBXNativeTarget "PathDraw" */ = {
			isa = XCConfigurationList;
			buildConfigurations = (
				2910CE9221A1CC69002D55AC /* Debug */,
				2910CE9321A1CC69002D55AC /* Release */,
			);
			defaultConfigurationIsVisible = 0;
			defaultConfigurationName = Release;
		};
/* End XCConfigurationList section */
	};
	rootObject = 2910CE7721A1CC67002D55AC /* Project object */;
}
